
Microsoft Visual Studio Solution File, Format Version 12.00
# Visual Studio Version 17
VisualStudioVersion = 17.10.34916.146
MinimumVisualStudioVersion = 10.0.40219.1
Project("{FAE04EC0-301F-11D3-BF4B-00C04F79EFBC}") = "SkemaGPT", "SkemaGPT\SkemaGPT\SkemaGPT.csproj", "{FEC1F9C5-FFCA-44B3-ACF7-1683C6AB88F3}"
EndProject
Project("{FAE04EC0-301F-11D3-BF4B-00C04F79EFBC}") = "SkemaGPT.Client", "SkemaGPT\SkemaGPT.Client\SkemaGPT.Client.csproj", "{E5B5EDAE-D26D-4698-B1F5-4207F832447C}"
EndProject
Global
	GlobalSection(SolutionConfigurationPlatforms) = preSolution
		Debug|Any CPU = Debug|Any CPU
		Release|Any CPU = Release|Any CPU
	EndGlobalSection
	GlobalSection(ProjectConfigurationPlatforms) = postSolution
		{FEC1F9C5-FFCA-44B3-ACF7-1683C6AB88F3}.Debug|Any CPU.ActiveCfg = Debug|Any CPU
		{FEC1F9C5-FFCA-44B3-ACF7-1683C6AB88F3}.Debug|Any CPU.Build.0 = Debug|Any CPU
		{FEC1F9C5-FFCA-44B3-ACF7-1683C6AB88F3}.Release|Any CPU.ActiveCfg = Release|Any CPU
		{FEC1F9C5-FFCA-44B3-ACF7-1683C6AB88F3}.Release|Any CPU.Build.0 = Release|Any CPU
		{E5B5EDAE-D26D-4698-B1F5-4207F832447C}.Debug|Any CPU.ActiveCfg = Debug|Any CPU
		{E5B5EDAE-D26D-4698-B1F5-4207F832447C}.Debug|Any CPU.Build.0 = Debug|Any CPU
		{E5B5EDAE-D26D-4698-B1F5-4207F832447C}.Release|Any CPU.ActiveCfg = Release|Any CPU
		{E5B5EDAE-D26D-4698-B1F5-4207F832447C}.Release|Any CPU.Build.0 = Release|Any CPU
	EndGlobalSection
	GlobalSection(SolutionProperties) = preSolution
		HideSolutionNode = FALSE
	EndGlobalSection
	GlobalSection(ExtensibilityGlobals) = postSolution
		SolutionGuid = {71666FC1-265F-495C-A300-959A7A65A358}
	EndGlobalSection
EndGlobal
